// !$*UTF8*$!
{
	archiveVersion = 1;
	classes = {
	};
	objectVersion = 77;
	objects = {

/* Begin PBXBuildFile section */
		904170DD2E06F50300638E71 /* AppDelegate.swift in Sources */ = {isa = PBXBuildFile; fileRef = 904170D32E06F50300638E71 /* AppDelegate.swift */; };
		904170DE2E06F50300638E71 /* SceneDelegate.swift in Sources */ = {isa = PBXBuildFile; fileRef = 904170DA2E06F50300638E71 /* SceneDelegate.swift */; };
		904170DF2E06F50300638E71 /* TrackersViewController.swift in Sources */ = {isa = PBXBuildFile; fileRef = 904170DB2E06F50300638E71 /* TrackersViewController.swift */; };
		904170E02E06F50300638E71 /* Assets.xcassets in Resources */ = {isa = PBXBuildFile; fileRef = 904170D42E06F50300638E71 /* Assets.xcassets */; };
		904170E22E06F50300638E71 /* LaunchScreen.storyboard in Resources */ = {isa = PBXBuildFile; fileRef = 904170D72E06F50300638E71 /* LaunchScreen.storyboard */; };
		904170E62E06F51600638E71 /* TabBarController.swift in Sources */ = {isa = PBXBuildFile; fileRef = 904170E52E06F51600638E71 /* TabBarController.swift */; };
		904170EA2E06F73900638E71 /* StatisticsViewController.swift in Sources */ = {isa = PBXBuildFile; fileRef = 904170E92E06F73900638E71 /* StatisticsViewController.swift */; };
		904170ED2E06FAF300638E71 /* UIView+Pin.swift in Sources */ = {isa = PBXBuildFile; fileRef = 904170EC2E06FAF300638E71 /* UIView+Pin.swift */; };
		904170EF2E06FEEB00638E71 /* UIView+AddSubviews.swift in Sources */ = {isa = PBXBuildFile; fileRef = 904170EE2E06FEEB00638E71 /* UIView+AddSubviews.swift */; };
		904171332E0885E400638E71 /* Tracker.swift in Sources */ = {isa = PBXBuildFile; fileRef = 904171322E0885E400638E71 /* Tracker.swift */; };
		904171352E08865B00638E71 /* TrackerCategory.swift in Sources */ = {isa = PBXBuildFile; fileRef = 904171342E08865B00638E71 /* TrackerCategory.swift */; };
		904171372E08869700638E71 /* TrackerRecord.swift in Sources */ = {isa = PBXBuildFile; fileRef = 904171362E08869700638E71 /* TrackerRecord.swift */; };
		9041717F2E0B286E00638E71 /* TrackerCell.swift in Sources */ = {isa = PBXBuildFile; fileRef = 9041717E2E0B286E00638E71 /* TrackerCell.swift */; };
		904172802E0D849900638E71 /* AddTrackerViewController.swift in Sources */ = {isa = PBXBuildFile; fileRef = 9041727F2E0D849800638E71 /* AddTrackerViewController.swift */; };
		904172822E0D9BC600638E71 /* ScheduleViewController.swift in Sources */ = {isa = PBXBuildFile; fileRef = 904172812E0D9BC600638E71 /* ScheduleViewController.swift */; };
		9041734B2E0DCA2400638E71 /* TrackerTypeViewController.swift in Sources */ = {isa = PBXBuildFile; fileRef = 9041734A2E0DCA2400638E71 /* TrackerTypeViewController.swift */; };
		904BF44A2E11E5680090EFCC /* TrackerCategoryHeaderView.swift in Sources */ = {isa = PBXBuildFile; fileRef = 904BF4492E11E5680090EFCC /* TrackerCategoryHeaderView.swift */; };
/* End PBXBuildFile section */

/* Begin PBXContainerItemProxy section */
		904170B62E06E7D800638E71 /* PBXContainerItemProxy */ = {
			isa = PBXContainerItemProxy;
			containerPortal = 904170972E06E7D500638E71 /* Project object */;
			proxyType = 1;
			remoteGlobalIDString = 9041709E2E06E7D500638E71;
			remoteInfo = Tracker;
		};
		904170C02E06E7D800638E71 /* PBXContainerItemProxy */ = {
			isa = PBXContainerItemProxy;
			containerPortal = 904170972E06E7D500638E71 /* Project object */;
			proxyType = 1;
			remoteGlobalIDString = 9041709E2E06E7D500638E71;
			remoteInfo = Tracker;
		};
/* End PBXContainerItemProxy section */

/* Begin PBXFileReference section */
		9041709F2E06E7D500638E71 /* Tracker.app */ = {isa = PBXFileReference; explicitFileType = wrapper.application; includeInIndex = 0; path = Tracker.app; sourceTree = BUILT_PRODUCTS_DIR; };
		904170B52E06E7D800638E71 /* TrackerTests.xctest */ = {isa = PBXFileReference; explicitFileType = wrapper.cfbundle; includeInIndex = 0; path = TrackerTests.xctest; sourceTree = BUILT_PRODUCTS_DIR; };
		904170BF2E06E7D800638E71 /* TrackerUITests.xctest */ = {isa = PBXFileReference; explicitFileType = wrapper.cfbundle; includeInIndex = 0; path = TrackerUITests.xctest; sourceTree = BUILT_PRODUCTS_DIR; };
		904170D32E06F50300638E71 /* AppDelegate.swift */ = {isa = PBXFileReference; lastKnownFileType = sourcecode.swift; path = AppDelegate.swift; sourceTree = "<group>"; };
		904170D42E06F50300638E71 /* Assets.xcassets */ = {isa = PBXFileReference; lastKnownFileType = folder.assetcatalog; path = Assets.xcassets; sourceTree = "<group>"; };
		904170D52E06F50300638E71 /* Info.plist */ = {isa = PBXFileReference; lastKnownFileType = text.plist.xml; path = Info.plist; sourceTree = "<group>"; };
		904170D62E06F50300638E71 /* Base */ = {isa = PBXFileReference; lastKnownFileType = file.storyboard; name = Base; path = Base.lproj/LaunchScreen.storyboard; sourceTree = "<group>"; };
		904170DA2E06F50300638E71 /* SceneDelegate.swift */ = {isa = PBXFileReference; lastKnownFileType = sourcecode.swift; path = SceneDelegate.swift; sourceTree = "<group>"; };
		904170DB2E06F50300638E71 /* TrackersViewController.swift */ = {isa = PBXFileReference; lastKnownFileType = sourcecode.swift; path = TrackersViewController.swift; sourceTree = "<group>"; };
		904170E52E06F51600638E71 /* TabBarController.swift */ = {isa = PBXFileReference; lastKnownFileType = sourcecode.swift; path = TabBarController.swift; sourceTree = "<group>"; };
		904170E92E06F73900638E71 /* StatisticsViewController.swift */ = {isa = PBXFileReference; lastKnownFileType = sourcecode.swift; path = StatisticsViewController.swift; sourceTree = "<group>"; };
		904170EC2E06FAF300638E71 /* UIView+Pin.swift */ = {isa = PBXFileReference; lastKnownFileType = sourcecode.swift; path = "UIView+Pin.swift"; sourceTree = "<group>"; };
		904170EE2E06FEEB00638E71 /* UIView+AddSubviews.swift */ = {isa = PBXFileReference; lastKnownFileType = sourcecode.swift; path = "UIView+AddSubviews.swift"; sourceTree = "<group>"; };
		904171322E0885E400638E71 /* Tracker.swift */ = {isa = PBXFileReference; lastKnownFileType = sourcecode.swift; path = Tracker.swift; sourceTree = "<group>"; };
		904171342E08865B00638E71 /* TrackerCategory.swift */ = {isa = PBXFileReference; lastKnownFileType = sourcecode.swift; path = TrackerCategory.swift; sourceTree = "<group>"; };
		904171362E08869700638E71 /* TrackerRecord.swift */ = {isa = PBXFileReference; lastKnownFileType = sourcecode.swift; path = TrackerRecord.swift; sourceTree = "<group>"; };
		9041717E2E0B286E00638E71 /* TrackerCell.swift */ = {isa = PBXFileReference; lastKnownFileType = sourcecode.swift; path = TrackerCell.swift; sourceTree = SOURCE_ROOT; };
		9041727F2E0D849800638E71 /* AddTrackerViewController.swift */ = {isa = PBXFileReference; lastKnownFileType = sourcecode.swift; path = AddTrackerViewController.swift; sourceTree = "<group>"; };
		904172812E0D9BC600638E71 /* ScheduleViewController.swift */ = {isa = PBXFileReference; lastKnownFileType = sourcecode.swift; path = ScheduleViewController.swift; sourceTree = "<group>"; };
		9041734A2E0DCA2400638E71 /* TrackerTypeViewController.swift */ = {isa = PBXFileReference; lastKnownFileType = sourcecode.swift; path = TrackerTypeViewController.swift; sourceTree = "<group>"; };
		904BF4492E11E5680090EFCC /* TrackerCategoryHeaderView.swift */ = {isa = PBXFileReference; lastKnownFileType = sourcecode.swift; path = TrackerCategoryHeaderView.swift; sourceTree = "<group>"; };
/* End PBXFileReference section */

/* Begin PBXFrameworksBuildPhase section */
		9041709C2E06E7D500638E71 /* Frameworks */ = {
			isa = PBXFrameworksBuildPhase;
			buildActionMask = 2147483647;
			files = (
			);
			runOnlyForDeploymentPostprocessing = 0;
		};
		904170B22E06E7D800638E71 /* Frameworks */ = {
			isa = PBXFrameworksBuildPhase;
			buildActionMask = 2147483647;
			files = (
			);
			runOnlyForDeploymentPostprocessing = 0;
		};
		904170BC2E06E7D800638E71 /* Frameworks */ = {
			isa = PBXFrameworksBuildPhase;
			buildActionMask = 2147483647;
			files = (
			);
			runOnlyForDeploymentPostprocessing = 0;
		};
/* End PBXFrameworksBuildPhase section */

/* Begin PBXGroup section */
		904170962E06E7D500638E71 = {
			isa = PBXGroup;
			children = (
				904170DC2E06F50300638E71 /* Tracker */,
				904170A02E06E7D500638E71 /* Products */,
			);
			sourceTree = "<group>";
		};
		904170A02E06E7D500638E71 /* Products */ = {
			isa = PBXGroup;
			children = (
				9041709F2E06E7D500638E71 /* Tracker.app */,
				904170B52E06E7D800638E71 /* TrackerTests.xctest */,
				904170BF2E06E7D800638E71 /* TrackerUITests.xctest */,
			);
			name = Products;
			sourceTree = "<group>";
		};
		904170DC2E06F50300638E71 /* Tracker */ = {
			isa = PBXGroup;
			children = (
				904171312E08856800638E71 /* Structures */,
				904170EB2E06FAEA00638E71 /* Extensions */,
				9041717D2E0B285900638E71 /* Cell */,
				904170E42E06F50700638E71 /* ViewControllers */,
				904170D32E06F50300638E71 /* AppDelegate.swift */,
				904170D42E06F50300638E71 /* Assets.xcassets */,
				904170D52E06F50300638E71 /* Info.plist */,
				904170D72E06F50300638E71 /* LaunchScreen.storyboard */,
				904170DA2E06F50300638E71 /* SceneDelegate.swift */,
			);
			path = Tracker;
			sourceTree = "<group>";
		};
		904170E42E06F50700638E71 /* ViewControllers */ = {
			isa = PBXGroup;
			children = (
				904170E52E06F51600638E71 /* TabBarController.swift */,
				904170DB2E06F50300638E71 /* TrackersViewController.swift */,
				904170E92E06F73900638E71 /* StatisticsViewController.swift */,
				9041727F2E0D849800638E71 /* AddTrackerViewController.swift */,
				904172812E0D9BC600638E71 /* ScheduleViewController.swift */,
				9041734A2E0DCA2400638E71 /* TrackerTypeViewController.swift */,
				904BF4492E11E5680090EFCC /* TrackerCategoryHeaderView.swift */,
			);
			path = ViewControllers;
			sourceTree = "<group>";
		};
		904170EB2E06FAEA00638E71 /* Extensions */ = {
			isa = PBXGroup;
			children = (
				904170EE2E06FEEB00638E71 /* UIView+AddSubviews.swift */,
				904170EC2E06FAF300638E71 /* UIView+Pin.swift */,
			);
			path = Extensions;
			sourceTree = "<group>";
		};
		904171312E08856800638E71 /* Structures */ = {
			isa = PBXGroup;
			children = (
				904171322E0885E400638E71 /* Tracker.swift */,
				904171342E08865B00638E71 /* TrackerCategory.swift */,
				904171362E08869700638E71 /* TrackerRecord.swift */,
			);
			path = Structures;
			sourceTree = "<group>";
		};
		9041717D2E0B285900638E71 /* Cell */ = {
			isa = PBXGroup;
			children = (
				9041717E2E0B286E00638E71 /* TrackerCell.swift */,
			);
			path = Cell;
			sourceTree = "<group>";
		};
/* End PBXGroup section */

/* Begin PBXNativeTarget section */
		9041709E2E06E7D500638E71 /* Tracker */ = {
			isa = PBXNativeTarget;
			buildConfigurationList = 904170C82E06E7D800638E71 /* Build configuration list for PBXNativeTarget "Tracker" */;
			buildPhases = (
				9041709B2E06E7D500638E71 /* Sources */,
				9041709C2E06E7D500638E71 /* Frameworks */,
				9041709D2E06E7D500638E71 /* Resources */,
			);
			buildRules = (
			);
			dependencies = (
			);
			name = Tracker;
			packageProductDependencies = (
			);
			productName = Tracker;
			productReference = 9041709F2E06E7D500638E71 /* Tracker.app */;
			productType = "com.apple.product-type.application";
		};
		904170B42E06E7D800638E71 /* TrackerTests */ = {
			isa = PBXNativeTarget;
			buildConfigurationList = 904170CD2E06E7D800638E71 /* Build configuration list for PBXNativeTarget "TrackerTests" */;
			buildPhases = (
				904170B12E06E7D800638E71 /* Sources */,
				904170B22E06E7D800638E71 /* Frameworks */,
				904170B32E06E7D800638E71 /* Resources */,
			);
			buildRules = (
			);
			dependencies = (
				904170B72E06E7D800638E71 /* PBXTargetDependency */,
			);
			name = TrackerTests;
			packageProductDependencies = (
			);
			productName = TrackerTests;
			productReference = 904170B52E06E7D800638E71 /* TrackerTests.xctest */;
			productType = "com.apple.product-type.bundle.unit-test";
		};
		904170BE2E06E7D800638E71 /* TrackerUITests */ = {
			isa = PBXNativeTarget;
			buildConfigurationList = 904170D02E06E7D800638E71 /* Build configuration list for PBXNativeTarget "TrackerUITests" */;
			buildPhases = (
				904170BB2E06E7D800638E71 /* Sources */,
				904170BC2E06E7D800638E71 /* Frameworks */,
				904170BD2E06E7D800638E71 /* Resources */,
			);
			buildRules = (
			);
			dependencies = (
				904170C12E06E7D800638E71 /* PBXTargetDependency */,
			);
			name = TrackerUITests;
			packageProductDependencies = (
			);
			productName = TrackerUITests;
			productReference = 904170BF2E06E7D800638E71 /* TrackerUITests.xctest */;
			productType = "com.apple.product-type.bundle.ui-testing";
		};
/* End PBXNativeTarget section */

/* Begin PBXProject section */
		904170972E06E7D500638E71 /* Project object */ = {
			isa = PBXProject;
			attributes = {
				BuildIndependentTargetsInParallel = 1;
				LastSwiftUpdateCheck = 1640;
				LastUpgradeCheck = 1640;
				TargetAttributes = {
					9041709E2E06E7D500638E71 = {
						CreatedOnToolsVersion = 16.4;
					};
					904170B42E06E7D800638E71 = {
						CreatedOnToolsVersion = 16.4;
						TestTargetID = 9041709E2E06E7D500638E71;
					};
					904170BE2E06E7D800638E71 = {
						CreatedOnToolsVersion = 16.4;
						TestTargetID = 9041709E2E06E7D500638E71;
					};
				};
			};
			buildConfigurationList = 9041709A2E06E7D500638E71 /* Build configuration list for PBXProject "Tracker" */;
			developmentRegion = en;
			hasScannedForEncodings = 0;
			knownRegions = (
				en,
				Base,
			);
			mainGroup = 904170962E06E7D500638E71;
			minimizedProjectReferenceProxies = 1;
			preferredProjectObjectVersion = 77;
			productRefGroup = 904170A02E06E7D500638E71 /* Products */;
			projectDirPath = "";
			projectRoot = "";
			targets = (
				9041709E2E06E7D500638E71 /* Tracker */,
				904170B42E06E7D800638E71 /* TrackerTests */,
				904170BE2E06E7D800638E71 /* TrackerUITests */,
			);
		};
/* End PBXProject section */

/* Begin PBXResourcesBuildPhase section */
		9041709D2E06E7D500638E71 /* Resources */ = {
			isa = PBXResourcesBuildPhase;
			buildActionMask = 2147483647;
			files = (
				904170E02E06F50300638E71 /* Assets.xcassets in Resources */,
				904170E22E06F50300638E71 /* LaunchScreen.storyboard in Resources */,
			);
			runOnlyForDeploymentPostprocessing = 0;
		};
		904170B32E06E7D800638E71 /* Resources */ = {
			isa = PBXResourcesBuildPhase;
			buildActionMask = 2147483647;
			files = (
			);
			runOnlyForDeploymentPostprocessing = 0;
		};
		904170BD2E06E7D800638E71 /* Resources */ = {
			isa = PBXResourcesBuildPhase;
			buildActionMask = 2147483647;
			files = (
			);
			runOnlyForDeploymentPostprocessing = 0;
		};
/* End PBXResourcesBuildPhase section */

/* Begin PBXSourcesBuildPhase section */
		9041709B2E06E7D500638E71 /* Sources */ = {
			isa = PBXSourcesBuildPhase;
			buildActionMask = 2147483647;
			files = (
				904172822E0D9BC600638E71 /* ScheduleViewController.swift in Sources */,
				904171352E08865B00638E71 /* TrackerCategory.swift in Sources */,
				904170DD2E06F50300638E71 /* AppDelegate.swift in Sources */,
				904170EF2E06FEEB00638E71 /* UIView+AddSubviews.swift in Sources */,
				904170E62E06F51600638E71 /* TabBarController.swift in Sources */,
				9041734B2E0DCA2400638E71 /* TrackerTypeViewController.swift in Sources */,
				904BF44A2E11E5680090EFCC /* TrackerCategoryHeaderView.swift in Sources */,
				904170ED2E06FAF300638E71 /* UIView+Pin.swift in Sources */,
				9041717F2E0B286E00638E71 /* TrackerCell.swift in Sources */,
				904171372E08869700638E71 /* TrackerRecord.swift in Sources */,
				904171332E0885E400638E71 /* Tracker.swift in Sources */,
				904170DE2E06F50300638E71 /* SceneDelegate.swift in Sources */,
				904170EA2E06F73900638E71 /* StatisticsViewController.swift in Sources */,
				904172802E0D849900638E71 /* AddTrackerViewController.swift in Sources */,
				904170DF2E06F50300638E71 /* TrackersViewController.swift in Sources */,
			);
			runOnlyForDeploymentPostprocessing = 0;
		};
		904170B12E06E7D800638E71 /* Sources */ = {
			isa = PBXSourcesBuildPhase;
			buildActionMask = 2147483647;
			files = (
			);
			runOnlyForDeploymentPostprocessing = 0;
		};
		904170BB2E06E7D800638E71 /* Sources */ = {
			isa = PBXSourcesBuildPhase;
			buildActionMask = 2147483647;
			files = (
			);
			runOnlyForDeploymentPostprocessing = 0;
		};
/* End PBXSourcesBuildPhase section */

/* Begin PBXTargetDependency section */
		904170B72E06E7D800638E71 /* PBXTargetDependency */ = {
			isa = PBXTargetDependency;
			target = 9041709E2E06E7D500638E71 /* Tracker */;
			targetProxy = 904170B62E06E7D800638E71 /* PBXContainerItemProxy */;
		};
		904170C12E06E7D800638E71 /* PBXTargetDependency */ = {
			isa = PBXTargetDependency;
			target = 9041709E2E06E7D500638E71 /* Tracker */;
			targetProxy = 904170C02E06E7D800638E71 /* PBXContainerItemProxy */;
		};
/* End PBXTargetDependency section */

/* Begin PBXVariantGroup section */
		904170D72E06F50300638E71 /* LaunchScreen.storyboard */ = {
			isa = PBXVariantGroup;
			children = (
				904170D62E06F50300638E71 /* Base */,
			);
			name = LaunchScreen.storyboard;
			sourceTree = "<group>";
		};
/* End PBXVariantGroup section */

/* Begin XCBuildConfiguration section */
		904170C92E06E7D800638E71 /* Debug */ = {
			isa = XCBuildConfiguration;
			buildSettings = {
				ASSETCATALOG_COMPILER_APPICON_NAME = AppIcon;
				ASSETCATALOG_COMPILER_GLOBAL_ACCENT_COLOR_NAME = AccentColor;
				CODE_SIGN_STYLE = Automatic;
				CURRENT_PROJECT_VERSION = 1;
				DEVELOPMENT_TEAM = C6SK932VBS;
				GENERATE_INFOPLIST_FILE = YES;
				INFOPLIST_FILE = Tracker/Info.plist;
				INFOPLIST_KEY_UIApplicationSupportsIndirectInputEvents = YES;
				INFOPLIST_KEY_UILaunchStoryboardName = LaunchScreen;
				INFOPLIST_KEY_UIStatusBarStyle = "";
				INFOPLIST_KEY_UISupportedInterfaceOrientations_iPad = "UIInterfaceOrientationPortrait UIInterfaceOrientationPortraitUpsideDown UIInterfaceOrientationLandscapeLeft UIInterfaceOrientationLandscapeRight";
				INFOPLIST_KEY_UISupportedInterfaceOrientations_iPhone = "UIInterfaceOrientationPortrait UIInterfaceOrientationLandscapeLeft UIInterfaceOrientationLandscapeRight";
				IPHONEOS_DEPLOYMENT_TARGET = 17;
				LD_RUNPATH_SEARCH_PATHS = (
					"$(inherited)",
					"@executable_path/Frameworks",
				);
				MARKETING_VERSION = 1.0;
				PRODUCT_BUNDLE_IDENTIFIER = ru.SergeySKRV.Tracker;
				PRODUCT_NAME = "$(TARGET_NAME)";
				SWIFT_EMIT_LOC_STRINGS = YES;
				SWIFT_VERSION = 5.0;
				TARGETED_DEVICE_FAMILY = "1,2";
			};
			name = Debug;
		};
		904170CA2E06E7D800638E71 /* Release */ = {
			isa = XCBuildConfiguration;
			buildSettings = {
				ASSETCATALOG_COMPILER_APPICON_NAME = AppIcon;
				ASSETCATALOG_COMPILER_GLOBAL_ACCENT_COLOR_NAME = AccentColor;
				CODE_SIGN_STYLE = Automatic;
				CURRENT_PROJECT_VERSION = 1;
				DEVELOPMENT_TEAM = C6SK932VBS;
				GENERATE_INFOPLIST_FILE = YES;
				INFOPLIST_FILE = Tracker/Info.plist;
				INFOPLIST_KEY_UIApplicationSupportsIndirectInputEvents = YES;
				INFOPLIST_KEY_UILaunchStoryboardName = LaunchScreen;
				INFOPLIST_KEY_UIStatusBarStyle = "";
				INFOPLIST_KEY_UISupportedInterfaceOrientations_iPad = "UIInterfaceOrientationPortrait UIInterfaceOrientationPortraitUpsideDown UIInterfaceOrientationLandscapeLeft UIInterfaceOrientationLandscapeRight";
				INFOPLIST_KEY_UISupportedInterfaceOrientations_iPhone = "UIInterfaceOrientationPortrait UIInterfaceOrientationLandscapeLeft UIInterfaceOrientationLandscapeRight";
				IPHONEOS_DEPLOYMENT_TARGET = 17;
				LD_RUNPATH_SEARCH_PATHS = (
					"$(inherited)",
					"@executable_path/Frameworks",
				);
				MARKETING_VERSION = 1.0;
				PRODUCT_BUNDLE_IDENTIFIER = ru.SergeySKRV.Tracker;
				PRODUCT_NAME = "$(TARGET_NAME)";
				SWIFT_EMIT_LOC_STRINGS = YES;
				SWIFT_VERSION = 5.0;
				TARGETED_DEVICE_FAMILY = "1,2";
			};
			name = Release;
		};
		904170CB2E06E7D800638E71 /* Debug */ = {
			isa = XCBuildConfiguration;
			buildSettings = {
				ALWAYS_SEARCH_USER_PATHS = NO;
				ASSETCATALOG_COMPILER_GENERATE_SWIFT_ASSET_SYMBOL_EXTENSIONS = YES;
				CLANG_ANALYZER_NONNULL = YES;
				CLANG_ANALYZER_NUMBER_OBJECT_CONVERSION = YES_AGGRESSIVE;
				CLANG_CXX_LANGUAGE_STANDARD = "gnu++20";
				CLANG_ENABLE_MODULES = YES;
				CLANG_ENABLE_OBJC_ARC = YES;
				CLANG_ENABLE_OBJC_WEAK = YES;
				CLANG_WARN_BLOCK_CAPTURE_AUTORELEASING = YES;
				CLANG_WARN_BOOL_CONVERSION = YES;
				CLANG_WARN_COMMA = YES;
				CLANG_WARN_CONSTANT_CONVERSION = YES;
				CLANG_WARN_DEPRECATED_OBJC_IMPLEMENTATIONS = YES;
				CLANG_WARN_DIRECT_OBJC_ISA_USAGE = YES_ERROR;
				CLANG_WARN_DOCUMENTATION_COMMENTS = YES;
				CLANG_WARN_EMPTY_BODY = YES;
				CLANG_WARN_ENUM_CONVERSION = YES;
				CLANG_WARN_INFINITE_RECURSION = YES;
				CLANG_WARN_INT_CONVERSION = YES;
				CLANG_WARN_NON_LITERAL_NULL_CONVERSION = YES;
				CLANG_WARN_OBJC_IMPLICIT_RETAIN_SELF = YES;
				CLANG_WARN_OBJC_LITERAL_CONVERSION = YES;
				CLANG_WARN_OBJC_ROOT_CLASS = YES_ERROR;
				CLANG_WARN_QUOTED_INCLUDE_IN_FRAMEWORK_HEADER = YES;
				CLANG_WARN_RANGE_LOOP_ANALYSIS = YES;
				CLANG_WARN_STRICT_PROTOTYPES = YES;
				CLANG_WARN_SUSPICIOUS_MOVE = YES;
				CLANG_WARN_UNGUARDED_AVAILABILITY = YES_AGGRESSIVE;
				CLANG_WARN_UNREACHABLE_CODE = YES;
				CLANG_WARN__DUPLICATE_METHOD_MATCH = YES;
				COPY_PHASE_STRIP = NO;
				DEBUG_INFORMATION_FORMAT = dwarf;
				DEVELOPMENT_TEAM = C6SK932VBS;
				ENABLE_STRICT_OBJC_MSGSEND = YES;
				ENABLE_TESTABILITY = YES;
				ENABLE_USER_SCRIPT_SANDBOXING = YES;
				GCC_C_LANGUAGE_STANDARD = gnu17;
				GCC_DYNAMIC_NO_PIC = NO;
				GCC_NO_COMMON_BLOCKS = YES;
				GCC_OPTIMIZATION_LEVEL = 0;
				GCC_PREPROCESSOR_DEFINITIONS = (
					"DEBUG=1",
					"$(inherited)",
				);
				GCC_WARN_64_TO_32_BIT_CONVERSION = YES;
				GCC_WARN_ABOUT_RETURN_TYPE = YES_ERROR;
				GCC_WARN_UNDECLARED_SELECTOR = YES;
				GCC_WARN_UNINITIALIZED_AUTOS = YES_AGGRESSIVE;
				GCC_WARN_UNUSED_FUNCTION = YES;
				GCC_WARN_UNUSED_VARIABLE = YES;
				IPHONEOS_DEPLOYMENT_TARGET = 18.5;
				LOCALIZATION_PREFERS_STRING_CATALOGS = YES;
				MTL_ENABLE_DEBUG_INFO = INCLUDE_SOURCE;
				MTL_FAST_MATH = YES;
				ONLY_ACTIVE_ARCH = YES;
				SDKROOT = iphoneos;
				SWIFT_ACTIVE_COMPILATION_CONDITIONS = "DEBUG $(inherited)";
				SWIFT_OPTIMIZATION_LEVEL = "-Onone";
			};
			name = Debug;
		};
		904170CC2E06E7D800638E71 /* Release */ = {
			isa = XCBuildConfiguration;
			buildSettings = {
				ALWAYS_SEARCH_USER_PATHS = NO;
				ASSETCATALOG_COMPILER_GENERATE_SWIFT_ASSET_SYMBOL_EXTENSIONS = YES;
				CLANG_ANALYZER_NONNULL = YES;
				CLANG_ANALYZER_NUMBER_OBJECT_CONVERSION = YES_AGGRESSIVE;
				CLANG_CXX_LANGUAGE_STANDARD = "gnu++20";
				CLANG_ENABLE_MODULES = YES;
				CLANG_ENABLE_OBJC_ARC = YES;
				CLANG_ENABLE_OBJC_WEAK = YES;
				CLANG_WARN_BLOCK_CAPTURE_AUTORELEASING = YES;
				CLANG_WARN_BOOL_CONVERSION = YES;
				CLANG_WARN_COMMA = YES;
				CLANG_WARN_CONSTANT_CONVERSION = YES;
				CLANG_WARN_DEPRECATED_OBJC_IMPLEMENTATIONS = YES;
				CLANG_WARN_DIRECT_OBJC_ISA_USAGE = YES_ERROR;
				CLANG_WARN_DOCUMENTATION_COMMENTS = YES;
				CLANG_WARN_EMPTY_BODY = YES;
				CLANG_WARN_ENUM_CONVERSION = YES;
				CLANG_WARN_INFINITE_RECURSION = YES;
				CLANG_WARN_INT_CONVERSION = YES;
				CLANG_WARN_NON_LITERAL_NULL_CONVERSION = YES;
				CLANG_WARN_OBJC_IMPLICIT_RETAIN_SELF = YES;
				CLANG_WARN_OBJC_LITERAL_CONVERSION = YES;
				CLANG_WARN_OBJC_ROOT_CLASS = YES_ERROR;
				CLANG_WARN_QUOTED_INCLUDE_IN_FRAMEWORK_HEADER = YES;
				CLANG_WARN_RANGE_LOOP_ANALYSIS = YES;
				CLANG_WARN_STRICT_PROTOTYPES = YES;
				CLANG_WARN_SUSPICIOUS_MOVE = YES;
				CLANG_WARN_UNGUARDED_AVAILABILITY = YES_AGGRESSIVE;
				CLANG_WARN_UNREACHABLE_CODE = YES;
				CLANG_WARN__DUPLICATE_METHOD_MATCH = YES;
				COPY_PHASE_STRIP = NO;
				DEBUG_INFORMATION_FORMAT = "dwarf-with-dsym";
				DEVELOPMENT_TEAM = C6SK932VBS;
				ENABLE_NS_ASSERTIONS = NO;
				ENABLE_STRICT_OBJC_MSGSEND = YES;
				ENABLE_USER_SCRIPT_SANDBOXING = YES;
				GCC_C_LANGUAGE_STANDARD = gnu17;
				GCC_NO_COMMON_BLOCKS = YES;
				GCC_WARN_64_TO_32_BIT_CONVERSION = YES;
				GCC_WARN_ABOUT_RETURN_TYPE = YES_ERROR;
				GCC_WARN_UNDECLARED_SELECTOR = YES;
				GCC_WARN_UNINITIALIZED_AUTOS = YES_AGGRESSIVE;
				GCC_WARN_UNUSED_FUNCTION = YES;
				GCC_WARN_UNUSED_VARIABLE = YES;
				IPHONEOS_DEPLOYMENT_TARGET = 18.5;
				LOCALIZATION_PREFERS_STRING_CATALOGS = YES;
				MTL_ENABLE_DEBUG_INFO = NO;
				MTL_FAST_MATH = YES;
				SDKROOT = iphoneos;
				SWIFT_COMPILATION_MODE = wholemodule;
				VALIDATE_PRODUCT = YES;
			};
			name = Release;
		};
		904170CE2E06E7D800638E71 /* Debug */ = {
			isa = XCBuildConfiguration;
			buildSettings = {
				BUNDLE_LOADER = "$(TEST_HOST)";
				CODE_SIGN_STYLE = Automatic;
				CURRENT_PROJECT_VERSION = 1;
				DEVELOPMENT_TEAM = C6SK932VBS;
				GENERATE_INFOPLIST_FILE = YES;
				IPHONEOS_DEPLOYMENT_TARGET = 18.5;
				MARKETING_VERSION = 1.0;
				PRODUCT_BUNDLE_IDENTIFIER = ru.SergeySKRV.TrackerTests;
				PRODUCT_NAME = "$(TARGET_NAME)";
				SWIFT_EMIT_LOC_STRINGS = NO;
				SWIFT_VERSION = 5.0;
				TARGETED_DEVICE_FAMILY = "1,2";
				TEST_HOST = "$(BUILT_PRODUCTS_DIR)/Tracker.app/$(BUNDLE_EXECUTABLE_FOLDER_PATH)/Tracker";
			};
			name = Debug;
		};
		904170CF2E06E7D800638E71 /* Release */ = {
			isa = XCBuildConfiguration;
			buildSettings = {
				BUNDLE_LOADER = "$(TEST_HOST)";
				CODE_SIGN_STYLE = Automatic;
				CURRENT_PROJECT_VERSION = 1;
				DEVELOPMENT_TEAM = C6SK932VBS;
				GENERATE_INFOPLIST_FILE = YES;
				IPHONEOS_DEPLOYMENT_TARGET = 18.5;
				MARKETING_VERSION = 1.0;
				PRODUCT_BUNDLE_IDENTIFIER = ru.SergeySKRV.TrackerTests;
				PRODUCT_NAME = "$(TARGET_NAME)";
				SWIFT_EMIT_LOC_STRINGS = NO;
				SWIFT_VERSION = 5.0;
				TARGETED_DEVICE_FAMILY = "1,2";
				TEST_HOST = "$(BUILT_PRODUCTS_DIR)/Tracker.app/$(BUNDLE_EXECUTABLE_FOLDER_PATH)/Tracker";
			};
			name = Release;
		};
		904170D12E06E7D800638E71 /* Debug */ = {
			isa = XCBuildConfiguration;
			buildSettings = {
				CODE_SIGN_STYLE = Automatic;
				CURRENT_PROJECT_VERSION = 1;
				DEVELOPMENT_TEAM = C6SK932VBS;
				GENERATE_INFOPLIST_FILE = YES;
				MARKETING_VERSION = 1.0;
				PRODUCT_BUNDLE_IDENTIFIER = ru.SergeySKRV.TrackerUITests;
				PRODUCT_NAME = "$(TARGET_NAME)";
				SWIFT_EMIT_LOC_STRINGS = NO;
				SWIFT_VERSION = 5.0;
				TARGETED_DEVICE_FAMILY = "1,2";
				TEST_TARGET_NAME = Tracker;
			};
			name = Debug;
		};
		904170D22E06E7D800638E71 /* Release */ = {
			isa = XCBuildConfiguration;
			buildSettings = {
				CODE_SIGN_STYLE = Automatic;
				CURRENT_PROJECT_VERSION = 1;
				DEVELOPMENT_TEAM = C6SK932VBS;
				GENERATE_INFOPLIST_FILE = YES;
				MARKETING_VERSION = 1.0;
				PRODUCT_BUNDLE_IDENTIFIER = ru.SergeySKRV.TrackerUITests;
				PRODUCT_NAME = "$(TARGET_NAME)";
				SWIFT_EMIT_LOC_STRINGS = NO;
				SWIFT_VERSION = 5.0;
				TARGETED_DEVICE_FAMILY = "1,2";
				TEST_TARGET_NAME = Tracker;
			};
			name = Release;
		};
/* End XCBuildConfiguration section */

/* Begin XCConfigurationList section */
		9041709A2E06E7D500638E71 /* Build configuration list for PBXProject "Tracker" */ = {
			isa = XCConfigurationList;
			buildConfigurations = (
				904170CB2E06E7D800638E71 /* Debug */,
				904170CC2E06E7D800638E71 /* Release */,
			);
			defaultConfigurationIsVisible = 0;
			defaultConfigurationName = Release;
		};
		904170C82E06E7D800638E71 /* Build configuration list for PBXNativeTarget "Tracker" */ = {
			isa = XCConfigurationList;
			buildConfigurations = (
				904170C92E06E7D800638E71 /* Debug */,
				904170CA2E06E7D800638E71 /* Release */,
			);
			defaultConfigurationIsVisible = 0;
			defaultConfigurationName = Release;
		};
		904170CD2E06E7D800638E71 /* Build configuration list for PBXNativeTarget "TrackerTests" */ = {
			isa = XCConfigurationList;
			buildConfigurations = (
				904170CE2E06E7D800638E71 /* Debug */,
				904170CF2E06E7D800638E71 /* Release */,
			);
			defaultConfigurationIsVisible = 0;
			defaultConfigurationName = Release;
		};
		904170D02E06E7D800638E71 /* Build configuration list for PBXNativeTarget "TrackerUITests" */ = {
			isa = XCConfigurationList;
			buildConfigurations = (
				904170D12E06E7D800638E71 /* Debug */,
				904170D22E06E7D800638E71 /* Release */,
			);
			defaultConfigurationIsVisible = 0;
			defaultConfigurationName = Release;
		};
/* End XCConfigurationList section */
	};
	rootObject = 904170972E06E7D500638E71 /* Project object */;
}
